{
  "version": 4,
  "terraform_version": "1.1.6",
  "serial": 21,
  "lineage": "5ed62d7a-daf7-868e-def6-7d5e41958eaa",
  "outputs": {},
  "resources": [
    {
      "mode": "managed",
      "type": "openstack_containerinfra_clustertemplate_v1",
      "name": "magnum-20-beta3",
      "provider": "provider[\"registry.terraform.io/terraform-provider-openstack/openstack\"]",
      "instances": [
        {
          "schema_version": 0,
          "attributes": {
            "apiserver_port": 0,
            "cluster_distro": "fedora-coreos",
            "coe": "kubernetes",
            "created_at": "2022-03-14T16:24:24Z",
            "dns_nameserver": "",
            "docker_storage_driver": "overlay2",
            "docker_volume_size": 40,
            "external_network_id": "external",
            "fixed_network": "",
            "fixed_subnet": "",
            "flavor": "ec1.medium",
            "floating_ip_enabled": true,
            "http_proxy": "",
            "https_proxy": "",
            "id": "2ae923e7-8ae5-4512-a4eb-fe7b7ed31bd7",
            "image": "fedora-coreos-33.20210426.3.0-openstack.x86_64",
            "insecure_registry": "",
            "keypair_id": "",
            "labels": {
              "admission_control_list": "NodeRestriction,PodSecurityPolicy,NamespaceLifecycle,LimitRanger,ServiceAccount,ResourceQuota,TaintNodesByCondition,Priority,DefaultTolerationSeconds,DefaultStorageClass,StorageObjectInUseProtection,PersistentVolumeClaimResize,MutatingAdmissionWebhook,ValidatingAdmissionWebhook,RuntimeClass",
              "cinder_csi_enabled": "True",
              "cloud_provider_tag": "v1.20.2",
              "container_infra_prefix": "ghcr.io/stackhpc/",
              "kube_tag": "v1.21.2",
              "master_lb_floating_ip_enabled": "True",
              "monitoring_enabled": "False",
              "post_install_manifest_url": "https://raw.githubusercontent.com/leafcloudhq/magnum-templates/master/storageclass_manifests/storagclass-retain.yaml"
            },
            "master_flavor": "cc1.medium",
            "master_lb_enabled": false,
            "name": "k8s-normal-v1.21.2-template-v2.0-beta3",
            "network_driver": "calico",
            "no_proxy": "",
            "project_id": "55f00f9b08674977a8d66a527030f883",
            "public": true,
            "region": "europe-nl",
            "registry_enabled": false,
            "server_type": "vm",
            "timeouts": null,
            "tls_disabled": false,
            "updated_at": "0001-01-01T00:00:00Z",
            "user_id": "ad93160dab8f4be7b923b437e7e0edd5",
            "volume_driver": "cinder"
          },
          "sensitive_attributes": [],
          "private": "eyJlMmJmYjczMC1lY2FhLTExZTYtOGY4OC0zNDM2M2JjN2M0YzAiOnsiY3JlYXRlIjo2MDAwMDAwMDAwMDAsImRlbGV0ZSI6NjAwMDAwMDAwMDAwfX0="
        }
      ]
    },
    {
      "mode": "managed",
      "type": "openstack_containerinfra_clustertemplate_v1",
      "name": "magnum-20-ha-beta",
      "provider": "provider[\"registry.terraform.io/terraform-provider-openstack/openstack\"]",
      "instances": [
        {
          "schema_version": 0,
          "attributes": {
            "apiserver_port": 0,
            "cluster_distro": "fedora-coreos",
            "coe": "kubernetes",
            "created_at": "2022-03-14T21:40:46Z",
            "dns_nameserver": "",
            "docker_storage_driver": "overlay2",
            "docker_volume_size": 40,
            "external_network_id": "external",
            "fixed_network": "",
            "fixed_subnet": "",
            "flavor": "ec1.medium",
            "floating_ip_enabled": true,
            "http_proxy": "",
            "https_proxy": "",
            "id": "62f39891-d55f-4725-8978-75a2bee489ca",
            "image": "fedora-coreos-33.20210426.3.0-openstack.x86_64",
            "insecure_registry": "",
            "keypair_id": "",
            "labels": {
              "admission_control_list": "NodeRestriction,PodSecurityPolicy,NamespaceLifecycle,LimitRanger,ServiceAccount,ResourceQuota,TaintNodesByCondition,Priority,DefaultTolerationSeconds,DefaultStorageClass,StorageObjectInUseProtection,PersistentVolumeClaimResize,MutatingAdmissionWebhook,ValidatingAdmissionWebhook,RuntimeClass",
              "cinder_csi_enabled": "True",
              "cloud_provider_tag": "v1.20.2",
              "container_infra_prefix": "ghcr.io/stackhpc/",
              "kube_tag": "v1.21.2",
              "master_lb_floating_ip_enabled": "True",
              "metrics_server_enabled": "True",
              "monitoring_enabled": "False"
            },
            "master_flavor": "cc1.medium",
            "master_lb_enabled": true,
            "name": "k8s-normal-v1.21.2-template-v2.0-ha-beta",
            "network_driver": "calico",
            "no_proxy": "",
            "project_id": "55f00f9b08674977a8d66a527030f883",
            "public": true,
            "region": "europe-nl",
            "registry_enabled": false,
            "server_type": "vm",
            "timeouts": null,
            "tls_disabled": false,
            "updated_at": "0001-01-01T00:00:00Z",
            "user_id": "ad93160dab8f4be7b923b437e7e0edd5",
            "volume_driver": "cinder"
          },
          "sensitive_attributes": [],
          "private": "eyJlMmJmYjczMC1lY2FhLTExZTYtOGY4OC0zNDM2M2JjN2M0YzAiOnsiY3JlYXRlIjo2MDAwMDAwMDAwMDAsImRlbGV0ZSI6NjAwMDAwMDAwMDAwfX0="
        }
      ]
    }
  ]
}
